// !$*UTF8*$!
{
	archiveVersion = 1;
	classes = {
	};
	objectVersion = 46;
	objects = {

/* Begin PBXBuildFile section */
		8B0F49A21BBAABE6005A1CC2 /* CalendarView.swift in Sources */ = {isa = PBXBuildFile; fileRef = 8B0F49A11BBAABE6005A1CC2 /* CalendarView.swift */; settings = {ASSET_TAGS = (); }; };
		8B0F49A51BBABC93005A1CC2 /* CalendarDayButton.swift in Sources */ = {isa = PBXBuildFile; fileRef = 8B0F49A41BBABC93005A1CC2 /* CalendarDayButton.swift */; settings = {ASSET_TAGS = (); }; };
		8B0F49A71BBAC0CB005A1CC2 /* Extensions.swift in Sources */ = {isa = PBXBuildFile; fileRef = 8B0F49A61BBAC0CB005A1CC2 /* Extensions.swift */; settings = {ASSET_TAGS = (); }; };
		8B44F11E1BCA684300D8EE5F /* AlertsSelectionViewController.swift in Sources */ = {isa = PBXBuildFile; fileRef = 8B44F11D1BCA684300D8EE5F /* AlertsSelectionViewController.swift */; settings = {ASSET_TAGS = (); }; };
		8B47F3681BC0C3DE00A6BE24 /* CalendarScreenTableViewCell.swift in Sources */ = {isa = PBXBuildFile; fileRef = 8B47F3671BC0C3DE00A6BE24 /* CalendarScreenTableViewCell.swift */; settings = {ASSET_TAGS = (); }; };
		8B47F36A1BC0CBDC00A6BE24 /* GroupsScreenViewController.swift in Sources */ = {isa = PBXBuildFile; fileRef = 8B47F3691BC0CBDC00A6BE24 /* GroupsScreenViewController.swift */; settings = {ASSET_TAGS = (); }; };
		8B47F3721BC1204600A6BE24 /* ContainerViewController.swift in Sources */ = {isa = PBXBuildFile; fileRef = 8B47F3711BC1204600A6BE24 /* ContainerViewController.swift */; settings = {ASSET_TAGS = (); }; };
		8B4E64F21BC2A5B800723576 /* PendingRequestsViewController.swift in Sources */ = {isa = PBXBuildFile; fileRef = 8B4E64F11BC2A5B800723576 /* PendingRequestsViewController.swift */; settings = {ASSET_TAGS = (); }; };
		8B61C7881BCFD4820049EE17 /* StartEndDateCell.swift in Sources */ = {isa = PBXBuildFile; fileRef = 8B61C7871BCFD4820049EE17 /* StartEndDateCell.swift */; settings = {ASSET_TAGS = (); }; };
		8B61C78A1BCFE7860049EE17 /* DatePickerCell.swift in Sources */ = {isa = PBXBuildFile; fileRef = 8B61C7891BCFE7860049EE17 /* DatePickerCell.swift */; settings = {ASSET_TAGS = (); }; };
		8B61C78C1BCFEE320049EE17 /* StartEndDatePicker.swift in Sources */ = {isa = PBXBuildFile; fileRef = 8B61C78B1BCFEE320049EE17 /* StartEndDatePicker.swift */; settings = {ASSET_TAGS = (); }; };
		8B6539191BB762B30061BF86 /* AppDelegate.swift in Sources */ = {isa = PBXBuildFile; fileRef = 8B6539181BB762B30061BF86 /* AppDelegate.swift */; };
		8B65391B1BB762B30061BF86 /* ViewController.swift in Sources */ = {isa = PBXBuildFile; fileRef = 8B65391A1BB762B30061BF86 /* ViewController.swift */; };
		8B65391E1BB762B30061BF86 /* Main.storyboard in Resources */ = {isa = PBXBuildFile; fileRef = 8B65391C1BB762B30061BF86 /* Main.storyboard */; settings = {ASSET_TAGS = (1, ); }; };
		8B6539201BB762B30061BF86 /* Assets.xcassets in Resources */ = {isa = PBXBuildFile; fileRef = 8B65391F1BB762B30061BF86 /* Assets.xcassets */; };
		8B6539231BB762B30061BF86 /* LaunchScreen.storyboard in Resources */ = {isa = PBXBuildFile; fileRef = 8B6539211BB762B30061BF86 /* LaunchScreen.storyboard */; };
		8B65392E1BB762B30061BF86 /* SetADateTests.swift in Sources */ = {isa = PBXBuildFile; fileRef = 8B65392D1BB762B30061BF86 /* SetADateTests.swift */; };
		8B6539391BB762B30061BF86 /* SetADateUITests.swift in Sources */ = {isa = PBXBuildFile; fileRef = 8B6539381BB762B30061BF86 /* SetADateUITests.swift */; };
		8B6539481BB794CF0061BF86 /* CalendarScreenViewController.swift in Sources */ = {isa = PBXBuildFile; fileRef = 8B6539471BB794CF0061BF86 /* CalendarScreenViewController.swift */; settings = {ASSET_TAGS = (); }; };
		8B65394C1BB7C68D0061BF86 /* CalendarViewController.swift in Sources */ = {isa = PBXBuildFile; fileRef = 8B65394B1BB7C68D0061BF86 /* CalendarViewController.swift */; settings = {ASSET_TAGS = (); }; };
		8B851FE81BC5666C0054D0FB /* CreateEventViewController.swift in Sources */ = {isa = PBXBuildFile; fileRef = 8B851FE71BC5666C0054D0FB /* CreateEventViewController.swift */; settings = {ASSET_TAGS = (); }; };
		8B887D641BC8FDC3009FB4AC /* EventTitleLocationTableViewCell.swift in Sources */ = {isa = PBXBuildFile; fileRef = 8B887D631BC8FDC3009FB4AC /* EventTitleLocationTableViewCell.swift */; settings = {ASSET_TAGS = (); }; };
		8B887D661BC913C6009FB4AC /* FullDayEventCell.swift in Sources */ = {isa = PBXBuildFile; fileRef = 8B887D651BC913C6009FB4AC /* FullDayEventCell.swift */; settings = {ASSET_TAGS = (); }; };
		8B8D1D971BCBDBC500EF3D41 /* AlertsCell.swift in Sources */ = {isa = PBXBuildFile; fileRef = 8B8D1D961BCBDBC500EF3D41 /* AlertsCell.swift */; settings = {ASSET_TAGS = (); }; };
		8B8D1D991BCBDCAF00EF3D41 /* EventObject.swift in Sources */ = {isa = PBXBuildFile; fileRef = 8B8D1D981BCBDCAF00EF3D41 /* EventObject.swift */; settings = {ASSET_TAGS = (); }; };
		8B8D1D9B1BCBE09100EF3D41 /* AlertsSelectionCell.swift in Sources */ = {isa = PBXBuildFile; fileRef = 8B8D1D9A1BCBE09100EF3D41 /* AlertsSelectionCell.swift */; settings = {ASSET_TAGS = (); }; };
		8B8D1D9D1BCBF07F00EF3D41 /* AlertsAndRepeatsCell.swift in Sources */ = {isa = PBXBuildFile; fileRef = 8B8D1D9C1BCBF07F00EF3D41 /* AlertsAndRepeatsCell.swift */; settings = {ASSET_TAGS = (); }; };
		8B8D1D9F1BCBF90A00EF3D41 /* RepeatsSelectionViewController.swift in Sources */ = {isa = PBXBuildFile; fileRef = 8B8D1D9E1BCBF90A00EF3D41 /* RepeatsSelectionViewController.swift */; settings = {ASSET_TAGS = (); }; };
		8B9344721BD1BB830099AC16 /* AddAttendeesViewController.swift in Sources */ = {isa = PBXBuildFile; fileRef = 8B9344711BD1BB830099AC16 /* AddAttendeesViewController.swift */; settings = {ASSET_TAGS = (); }; };
		8B9344751BD1BEBE0099AC16 /* AttendeesContainerViewController.swift in Sources */ = {isa = PBXBuildFile; fileRef = 8B9344741BD1BEBE0099AC16 /* AttendeesContainerViewController.swift */; settings = {ASSET_TAGS = (); }; };
		8B9344771BD1BFD70099AC16 /* AddContactsViewController.swift in Sources */ = {isa = PBXBuildFile; fileRef = 8B9344761BD1BFD70099AC16 /* AddContactsViewController.swift */; settings = {ASSET_TAGS = (); }; };
		8B9344791BD1C00F0099AC16 /* AddGroupsViewController.swift in Sources */ = {isa = PBXBuildFile; fileRef = 8B9344781BD1C00F0099AC16 /* AddGroupsViewController.swift */; settings = {ASSET_TAGS = (); }; };
/* End PBXBuildFile section */

/* Begin PBXContainerItemProxy section */
		8B65392A1BB762B30061BF86 /* PBXContainerItemProxy */ = {
			isa = PBXContainerItemProxy;
			containerPortal = 8B65390D1BB762B20061BF86 /* Project object */;
			proxyType = 1;
			remoteGlobalIDString = 8B6539141BB762B20061BF86;
			remoteInfo = SetADate;
		};
		8B6539351BB762B30061BF86 /* PBXContainerItemProxy */ = {
			isa = PBXContainerItemProxy;
			containerPortal = 8B65390D1BB762B20061BF86 /* Project object */;
			proxyType = 1;
			remoteGlobalIDString = 8B6539141BB762B20061BF86;
			remoteInfo = SetADate;
		};
/* End PBXContainerItemProxy section */

/* Begin PBXFileReference section */
		8B0F49A11BBAABE6005A1CC2 /* CalendarView.swift */ = {isa = PBXFileReference; fileEncoding = 4; lastKnownFileType = sourcecode.swift; path = CalendarView.swift; sourceTree = "<group>"; };
		8B0F49A41BBABC93005A1CC2 /* CalendarDayButton.swift */ = {isa = PBXFileReference; fileEncoding = 4; lastKnownFileType = sourcecode.swift; path = CalendarDayButton.swift; sourceTree = "<group>"; };
		8B0F49A61BBAC0CB005A1CC2 /* Extensions.swift */ = {isa = PBXFileReference; fileEncoding = 4; lastKnownFileType = sourcecode.swift; path = Extensions.swift; sourceTree = "<group>"; };
		8B44F11D1BCA684300D8EE5F /* AlertsSelectionViewController.swift */ = {isa = PBXFileReference; fileEncoding = 4; lastKnownFileType = sourcecode.swift; path = AlertsSelectionViewController.swift; sourceTree = "<group>"; };
		8B47F3671BC0C3DE00A6BE24 /* CalendarScreenTableViewCell.swift */ = {isa = PBXFileReference; fileEncoding = 4; lastKnownFileType = sourcecode.swift; path = CalendarScreenTableViewCell.swift; sourceTree = "<group>"; };
		8B47F3691BC0CBDC00A6BE24 /* GroupsScreenViewController.swift */ = {isa = PBXFileReference; fileEncoding = 4; lastKnownFileType = sourcecode.swift; path = GroupsScreenViewController.swift; sourceTree = "<group>"; };
		8B47F3711BC1204600A6BE24 /* ContainerViewController.swift */ = {isa = PBXFileReference; fileEncoding = 4; lastKnownFileType = sourcecode.swift; path = ContainerViewController.swift; sourceTree = "<group>"; };
		8B4E64F11BC2A5B800723576 /* PendingRequestsViewController.swift */ = {isa = PBXFileReference; fileEncoding = 4; lastKnownFileType = sourcecode.swift; path = PendingRequestsViewController.swift; sourceTree = "<group>"; };
		8B61C7871BCFD4820049EE17 /* StartEndDateCell.swift */ = {isa = PBXFileReference; fileEncoding = 4; lastKnownFileType = sourcecode.swift; name = StartEndDateCell.swift; path = ../StartEndDateCell.swift; sourceTree = "<group>"; };
		8B61C7891BCFE7860049EE17 /* DatePickerCell.swift */ = {isa = PBXFileReference; fileEncoding = 4; lastKnownFileType = sourcecode.swift; path = DatePickerCell.swift; sourceTree = "<group>"; };
		8B61C78B1BCFEE320049EE17 /* StartEndDatePicker.swift */ = {isa = PBXFileReference; fileEncoding = 4; lastKnownFileType = sourcecode.swift; path = StartEndDatePicker.swift; sourceTree = "<group>"; };
		8B6539151BB762B30061BF86 /* SetADate.app */ = {isa = PBXFileReference; explicitFileType = wrapper.application; includeInIndex = 0; path = SetADate.app; sourceTree = BUILT_PRODUCTS_DIR; };
		8B6539181BB762B30061BF86 /* AppDelegate.swift */ = {isa = PBXFileReference; lastKnownFileType = sourcecode.swift; path = AppDelegate.swift; sourceTree = "<group>"; };
		8B65391A1BB762B30061BF86 /* ViewController.swift */ = {isa = PBXFileReference; lastKnownFileType = sourcecode.swift; path = ViewController.swift; sourceTree = "<group>"; };
		8B65391D1BB762B30061BF86 /* Base */ = {isa = PBXFileReference; lastKnownFileType = file.storyboard; name = Base; path = Base.lproj/Main.storyboard; sourceTree = "<group>"; };
		8B65391F1BB762B30061BF86 /* Assets.xcassets */ = {isa = PBXFileReference; lastKnownFileType = folder.assetcatalog; path = Assets.xcassets; sourceTree = "<group>"; };
		8B6539221BB762B30061BF86 /* Base */ = {isa = PBXFileReference; lastKnownFileType = file.storyboard; name = Base; path = Base.lproj/LaunchScreen.storyboard; sourceTree = "<group>"; };
		8B6539241BB762B30061BF86 /* Info.plist */ = {isa = PBXFileReference; lastKnownFileType = text.plist.xml; path = Info.plist; sourceTree = "<group>"; };
		8B6539291BB762B30061BF86 /* SetADateTests.xctest */ = {isa = PBXFileReference; explicitFileType = wrapper.cfbundle; includeInIndex = 0; path = SetADateTests.xctest; sourceTree = BUILT_PRODUCTS_DIR; };
		8B65392D1BB762B30061BF86 /* SetADateTests.swift */ = {isa = PBXFileReference; lastKnownFileType = sourcecode.swift; path = SetADateTests.swift; sourceTree = "<group>"; };
		8B65392F1BB762B30061BF86 /* Info.plist */ = {isa = PBXFileReference; lastKnownFileType = text.plist.xml; path = Info.plist; sourceTree = "<group>"; };
		8B6539341BB762B30061BF86 /* SetADateUITests.xctest */ = {isa = PBXFileReference; explicitFileType = wrapper.cfbundle; includeInIndex = 0; path = SetADateUITests.xctest; sourceTree = BUILT_PRODUCTS_DIR; };
		8B6539381BB762B30061BF86 /* SetADateUITests.swift */ = {isa = PBXFileReference; lastKnownFileType = sourcecode.swift; path = SetADateUITests.swift; sourceTree = "<group>"; };
		8B65393A1BB762B30061BF86 /* Info.plist */ = {isa = PBXFileReference; lastKnownFileType = text.plist.xml; path = Info.plist; sourceTree = "<group>"; };
		8B6539471BB794CF0061BF86 /* CalendarScreenViewController.swift */ = {isa = PBXFileReference; fileEncoding = 4; lastKnownFileType = sourcecode.swift; path = CalendarScreenViewController.swift; sourceTree = "<group>"; };
		8B65394B1BB7C68D0061BF86 /* CalendarViewController.swift */ = {isa = PBXFileReference; fileEncoding = 4; lastKnownFileType = sourcecode.swift; path = CalendarViewController.swift; sourceTree = "<group>"; };
		8B851FE71BC5666C0054D0FB /* CreateEventViewController.swift */ = {isa = PBXFileReference; fileEncoding = 4; lastKnownFileType = sourcecode.swift; path = CreateEventViewController.swift; sourceTree = "<group>"; };
		8B887D631BC8FDC3009FB4AC /* EventTitleLocationTableViewCell.swift */ = {isa = PBXFileReference; fileEncoding = 4; lastKnownFileType = sourcecode.swift; path = EventTitleLocationTableViewCell.swift; sourceTree = "<group>"; };
		8B887D651BC913C6009FB4AC /* FullDayEventCell.swift */ = {isa = PBXFileReference; fileEncoding = 4; lastKnownFileType = sourcecode.swift; path = FullDayEventCell.swift; sourceTree = "<group>"; };
		8B8D1D961BCBDBC500EF3D41 /* AlertsCell.swift */ = {isa = PBXFileReference; fileEncoding = 4; lastKnownFileType = sourcecode.swift; path = AlertsCell.swift; sourceTree = "<group>"; };
		8B8D1D981BCBDCAF00EF3D41 /* EventObject.swift */ = {isa = PBXFileReference; fileEncoding = 4; lastKnownFileType = sourcecode.swift; path = EventObject.swift; sourceTree = "<group>"; };
		8B8D1D9A1BCBE09100EF3D41 /* AlertsSelectionCell.swift */ = {isa = PBXFileReference; fileEncoding = 4; lastKnownFileType = sourcecode.swift; path = AlertsSelectionCell.swift; sourceTree = "<group>"; };
		8B8D1D9C1BCBF07F00EF3D41 /* AlertsAndRepeatsCell.swift */ = {isa = PBXFileReference; fileEncoding = 4; lastKnownFileType = sourcecode.swift; path = AlertsAndRepeatsCell.swift; sourceTree = "<group>"; };
		8B8D1D9E1BCBF90A00EF3D41 /* RepeatsSelectionViewController.swift */ = {isa = PBXFileReference; fileEncoding = 4; lastKnownFileType = sourcecode.swift; path = RepeatsSelectionViewController.swift; sourceTree = "<group>"; };
		8B9344711BD1BB830099AC16 /* AddAttendeesViewController.swift */ = {isa = PBXFileReference; fileEncoding = 4; lastKnownFileType = sourcecode.swift; path = AddAttendeesViewController.swift; sourceTree = "<group>"; };
		8B9344741BD1BEBE0099AC16 /* AttendeesContainerViewController.swift */ = {isa = PBXFileReference; fileEncoding = 4; lastKnownFileType = sourcecode.swift; path = AttendeesContainerViewController.swift; sourceTree = "<group>"; };
		8B9344761BD1BFD70099AC16 /* AddContactsViewController.swift */ = {isa = PBXFileReference; fileEncoding = 4; lastKnownFileType = sourcecode.swift; path = AddContactsViewController.swift; sourceTree = "<group>"; };
		8B9344781BD1C00F0099AC16 /* AddGroupsViewController.swift */ = {isa = PBXFileReference; fileEncoding = 4; lastKnownFileType = sourcecode.swift; path = AddGroupsViewController.swift; sourceTree = "<group>"; };
/* End PBXFileReference section */

/* Begin PBXFrameworksBuildPhase section */
		8B6539121BB762B20061BF86 /* Frameworks */ = {
			isa = PBXFrameworksBuildPhase;
			buildActionMask = 2147483647;
			files = (
			);
			runOnlyForDeploymentPostprocessing = 0;
		};
		8B6539261BB762B30061BF86 /* Frameworks */ = {
			isa = PBXFrameworksBuildPhase;
			buildActionMask = 2147483647;
			files = (
			);
			runOnlyForDeploymentPostprocessing = 0;
		};
		8B6539311BB762B30061BF86 /* Frameworks */ = {
			isa = PBXFrameworksBuildPhase;
			buildActionMask = 2147483647;
			files = (
			);
			runOnlyForDeploymentPostprocessing = 0;
		};
/* End PBXFrameworksBuildPhase section */

/* Begin PBXGroup section */
		8B65390C1BB762B20061BF86 = {
			isa = PBXGroup;
			children = (
				8B6539171BB762B30061BF86 /* SetADate */,
				8B65392C1BB762B30061BF86 /* SetADateTests */,
				8B6539371BB762B30061BF86 /* SetADateUITests */,
				8B6539161BB762B30061BF86 /* Products */,
			);
			sourceTree = "<group>";
		};
		8B6539161BB762B30061BF86 /* Products */ = {
			isa = PBXGroup;
			children = (
				8B6539151BB762B30061BF86 /* SetADate.app */,
				8B6539291BB762B30061BF86 /* SetADateTests.xctest */,
				8B6539341BB762B30061BF86 /* SetADateUITests.xctest */,
			);
			name = Products;
			sourceTree = "<group>";
		};
		8B6539171BB762B30061BF86 /* SetADate */ = {
			isa = PBXGroup;
			children = (
				8B6539181BB762B30061BF86 /* AppDelegate.swift */,
				8B65391A1BB762B30061BF86 /* ViewController.swift */,
				8B6539471BB794CF0061BF86 /* CalendarScreenViewController.swift */,
				8B47F3711BC1204600A6BE24 /* ContainerViewController.swift */,
				8B47F3691BC0CBDC00A6BE24 /* GroupsScreenViewController.swift */,
				8B4E64F11BC2A5B800723576 /* PendingRequestsViewController.swift */,
				8B65394B1BB7C68D0061BF86 /* CalendarViewController.swift */,
				8B9344731BD1BD980099AC16 /* CalendarAndCalendarTable */,
				8B65391C1BB762B30061BF86 /* Main.storyboard */,
				8B9344711BD1BB830099AC16 /* AddAttendeesViewController.swift */,
				8B9344741BD1BEBE0099AC16 /* AttendeesContainerViewController.swift */,
				8B9344761BD1BFD70099AC16 /* AddContactsViewController.swift */,
				8B9344781BD1C00F0099AC16 /* AddGroupsViewController.swift */,
				8B851FE71BC5666C0054D0FB /* CreateEventViewController.swift */,
				8B8D1D9E1BCBF90A00EF3D41 /* RepeatsSelectionViewController.swift */,
				8B44F11D1BCA684300D8EE5F /* AlertsSelectionViewController.swift */,
				8B8D1D981BCBDCAF00EF3D41 /* EventObject.swift */,
				8B0F49A61BBAC0CB005A1CC2 /* Extensions.swift */,
				8B9344701BD1BA910099AC16 /* CreateEventCells */,
				8B65391F1BB762B30061BF86 /* Assets.xcassets */,
				8B6539211BB762B30061BF86 /* LaunchScreen.storyboard */,
				8B6539241BB762B30061BF86 /* Info.plist */,
			);
			path = SetADate;
			sourceTree = "<group>";
		};
		8B65392C1BB762B30061BF86 /* SetADateTests */ = {
			isa = PBXGroup;
			children = (
				8B65392D1BB762B30061BF86 /* SetADateTests.swift */,
				8B65392F1BB762B30061BF86 /* Info.plist */,
			);
			path = SetADateTests;
			sourceTree = "<group>";
		};
		8B6539371BB762B30061BF86 /* SetADateUITests */ = {
			isa = PBXGroup;
			children = (
				8B6539381BB762B30061BF86 /* SetADateUITests.swift */,
				8B65393A1BB762B30061BF86 /* Info.plist */,
			);
			path = SetADateUITests;
			sourceTree = "<group>";
		};
		8B9344701BD1BA910099AC16 /* CreateEventCells */ = {
			isa = PBXGroup;
			children = (
				8B61C7891BCFE7860049EE17 /* DatePickerCell.swift */,
				8B887D631BC8FDC3009FB4AC /* EventTitleLocationTableViewCell.swift */,
				8B887D651BC913C6009FB4AC /* FullDayEventCell.swift */,
				8B61C7871BCFD4820049EE17 /* StartEndDateCell.swift */,
				8B8D1D9C1BCBF07F00EF3D41 /* AlertsAndRepeatsCell.swift */,
				8B8D1D9A1BCBE09100EF3D41 /* AlertsSelectionCell.swift */,
				8B8D1D961BCBDBC500EF3D41 /* AlertsCell.swift */,
				8B61C78B1BCFEE320049EE17 /* StartEndDatePicker.swift */,
			);
			name = CreateEventCells;
			sourceTree = "<group>";
		};
		8B9344731BD1BD980099AC16 /* CalendarAndCalendarTable */ = {
			isa = PBXGroup;
			children = (
				8B0F49A11BBAABE6005A1CC2 /* CalendarView.swift */,
				8B47F3671BC0C3DE00A6BE24 /* CalendarScreenTableViewCell.swift */,
				8B0F49A41BBABC93005A1CC2 /* CalendarDayButton.swift */,
			);
			name = CalendarAndCalendarTable;
			sourceTree = "<group>";
		};
/* End PBXGroup section */

/* Begin PBXNativeTarget section */
		8B6539141BB762B20061BF86 /* SetADate */ = {
			isa = PBXNativeTarget;
			buildConfigurationList = 8B65393D1BB762B30061BF86 /* Build configuration list for PBXNativeTarget "SetADate" */;
			buildPhases = (
				8B6539111BB762B20061BF86 /* Sources */,
				8B6539121BB762B20061BF86 /* Frameworks */,
				8B6539131BB762B20061BF86 /* Resources */,
			);
			buildRules = (
			);
			dependencies = (
			);
			name = SetADate;
			productName = SetADate;
			productReference = 8B6539151BB762B30061BF86 /* SetADate.app */;
			productType = "com.apple.product-type.application";
		};
		8B6539281BB762B30061BF86 /* SetADateTests */ = {
			isa = PBXNativeTarget;
			buildConfigurationList = 8B6539401BB762B30061BF86 /* Build configuration list for PBXNativeTarget "SetADateTests" */;
			buildPhases = (
				8B6539251BB762B30061BF86 /* Sources */,
				8B6539261BB762B30061BF86 /* Frameworks */,
				8B6539271BB762B30061BF86 /* Resources */,
			);
			buildRules = (
			);
			dependencies = (
				8B65392B1BB762B30061BF86 /* PBXTargetDependency */,
			);
			name = SetADateTests;
			productName = SetADateTests;
			productReference = 8B6539291BB762B30061BF86 /* SetADateTests.xctest */;
			productType = "com.apple.product-type.bundle.unit-test";
		};
		8B6539331BB762B30061BF86 /* SetADateUITests */ = {
			isa = PBXNativeTarget;
			buildConfigurationList = 8B6539431BB762B30061BF86 /* Build configuration list for PBXNativeTarget "SetADateUITests" */;
			buildPhases = (
				8B6539301BB762B30061BF86 /* Sources */,
				8B6539311BB762B30061BF86 /* Frameworks */,
				8B6539321BB762B30061BF86 /* Resources */,
			);
			buildRules = (
			);
			dependencies = (
				8B6539361BB762B30061BF86 /* PBXTargetDependency */,
			);
			name = SetADateUITests;
			productName = SetADateUITests;
			productReference = 8B6539341BB762B30061BF86 /* SetADateUITests.xctest */;
			productType = "com.apple.product-type.bundle.ui-testing";
		};
/* End PBXNativeTarget section */

/* Begin PBXProject section */
		8B65390D1BB762B20061BF86 /* Project object */ = {
			isa = PBXProject;
			attributes = {
				KnownAssetTags = (
					1,
				);
				LastUpgradeCheck = 0700;
				ORGANIZATIONNAME = Joshua;
				TargetAttributes = {
					8B6539141BB762B20061BF86 = {
						CreatedOnToolsVersion = 7.0;
					};
					8B6539281BB762B30061BF86 = {
						CreatedOnToolsVersion = 7.0;
						TestTargetID = 8B6539141BB762B20061BF86;
					};
					8B6539331BB762B30061BF86 = {
						CreatedOnToolsVersion = 7.0;
						TestTargetID = 8B6539141BB762B20061BF86;
					};
				};
			};
			buildConfigurationList = 8B6539101BB762B20061BF86 /* Build configuration list for PBXProject "SetADate" */;
			compatibilityVersion = "Xcode 3.2";
			developmentRegion = English;
			hasScannedForEncodings = 0;
			knownRegions = (
				en,
				Base,
			);
			mainGroup = 8B65390C1BB762B20061BF86;
			productRefGroup = 8B6539161BB762B30061BF86 /* Products */;
			projectDirPath = "";
			projectRoot = "";
			targets = (
				8B6539141BB762B20061BF86 /* SetADate */,
				8B6539281BB762B30061BF86 /* SetADateTests */,
				8B6539331BB762B30061BF86 /* SetADateUITests */,
			);
		};
/* End PBXProject section */

/* Begin PBXResourcesBuildPhase section */
		8B6539131BB762B20061BF86 /* Resources */ = {
			isa = PBXResourcesBuildPhase;
			buildActionMask = 2147483647;
			files = (
				8B6539231BB762B30061BF86 /* LaunchScreen.storyboard in Resources */,
				8B6539201BB762B30061BF86 /* Assets.xcassets in Resources */,
				8B65391E1BB762B30061BF86 /* Main.storyboard in Resources */,
			);
			runOnlyForDeploymentPostprocessing = 0;
		};
		8B6539271BB762B30061BF86 /* Resources */ = {
			isa = PBXResourcesBuildPhase;
			buildActionMask = 2147483647;
			files = (
			);
			runOnlyForDeploymentPostprocessing = 0;
		};
		8B6539321BB762B30061BF86 /* Resources */ = {
			isa = PBXResourcesBuildPhase;
			buildActionMask = 2147483647;
			files = (
			);
			runOnlyForDeploymentPostprocessing = 0;
		};
/* End PBXResourcesBuildPhase section */

/* Begin PBXSourcesBuildPhase section */
		8B6539111BB762B20061BF86 /* Sources */ = {
			isa = PBXSourcesBuildPhase;
			buildActionMask = 2147483647;
			files = (
				8B8D1D9F1BCBF90A00EF3D41 /* RepeatsSelectionViewController.swift in Sources */,
				8B9344751BD1BEBE0099AC16 /* AttendeesContainerViewController.swift in Sources */,
				8B47F36A1BC0CBDC00A6BE24 /* GroupsScreenViewController.swift in Sources */,
				8B65394C1BB7C68D0061BF86 /* CalendarViewController.swift in Sources */,
				8B61C78A1BCFE7860049EE17 /* DatePickerCell.swift in Sources */,
				8B0F49A21BBAABE6005A1CC2 /* CalendarView.swift in Sources */,
				8B4E64F21BC2A5B800723576 /* PendingRequestsViewController.swift in Sources */,
				8B887D661BC913C6009FB4AC /* FullDayEventCell.swift in Sources */,
				8B44F11E1BCA684300D8EE5F /* AlertsSelectionViewController.swift in Sources */,
				8B9344721BD1BB830099AC16 /* AddAttendeesViewController.swift in Sources */,
				8B8D1D971BCBDBC500EF3D41 /* AlertsCell.swift in Sources */,
				8B47F3721BC1204600A6BE24 /* ContainerViewController.swift in Sources */,
				8B0F49A51BBABC93005A1CC2 /* CalendarDayButton.swift in Sources */,
				8B8D1D9B1BCBE09100EF3D41 /* AlertsSelectionCell.swift in Sources */,
				8B47F3681BC0C3DE00A6BE24 /* CalendarScreenTableViewCell.swift in Sources */,
				8B9344771BD1BFD70099AC16 /* AddContactsViewController.swift in Sources */,
				8B65391B1BB762B30061BF86 /* ViewController.swift in Sources */,
				8B6539191BB762B30061BF86 /* AppDelegate.swift in Sources */,
				8B6539481BB794CF0061BF86 /* CalendarScreenViewController.swift in Sources */,
				8B9344791BD1C00F0099AC16 /* AddGroupsViewController.swift in Sources */,
				8B61C78C1BCFEE320049EE17 /* StartEndDatePicker.swift in Sources */,
				8B8D1D991BCBDCAF00EF3D41 /* EventObject.swift in Sources */,
				8B8D1D9D1BCBF07F00EF3D41 /* AlertsAndRepeatsCell.swift in Sources */,
				8B61C7881BCFD4820049EE17 /* StartEndDateCell.swift in Sources */,
				8B887D641BC8FDC3009FB4AC /* EventTitleLocationTableViewCell.swift in Sources */,
				8B0F49A71BBAC0CB005A1CC2 /* Extensions.swift in Sources */,
				8B851FE81BC5666C0054D0FB /* CreateEventViewController.swift in Sources */,
			);
			runOnlyForDeploymentPostprocessing = 0;
		};
		8B6539251BB762B30061BF86 /* Sources */ = {
			isa = PBXSourcesBuildPhase;
			buildActionMask = 2147483647;
			files = (
				8B65392E1BB762B30061BF86 /* SetADateTests.swift in Sources */,
			);
			runOnlyForDeploymentPostprocessing = 0;
		};
		8B6539301BB762B30061BF86 /* Sources */ = {
			isa = PBXSourcesBuildPhase;
			buildActionMask = 2147483647;
			files = (
				8B6539391BB762B30061BF86 /* SetADateUITests.swift in Sources */,
			);
			runOnlyForDeploymentPostprocessing = 0;
		};
/* End PBXSourcesBuildPhase section */

/* Begin PBXTargetDependency section */
		8B65392B1BB762B30061BF86 /* PBXTargetDependency */ = {
			isa = PBXTargetDependency;
			target = 8B6539141BB762B20061BF86 /* SetADate */;
			targetProxy = 8B65392A1BB762B30061BF86 /* PBXContainerItemProxy */;
		};
		8B6539361BB762B30061BF86 /* PBXTargetDependency */ = {
			isa = PBXTargetDependency;
			target = 8B6539141BB762B20061BF86 /* SetADate */;
			targetProxy = 8B6539351BB762B30061BF86 /* PBXContainerItemProxy */;
		};
/* End PBXTargetDependency section */

/* Begin PBXVariantGroup section */
		8B65391C1BB762B30061BF86 /* Main.storyboard */ = {
			isa = PBXVariantGroup;
			children = (
				8B65391D1BB762B30061BF86 /* Base */,
			);
			name = Main.storyboard;
			sourceTree = "<group>";
		};
		8B6539211BB762B30061BF86 /* LaunchScreen.storyboard */ = {
			isa = PBXVariantGroup;
			children = (
				8B6539221BB762B30061BF86 /* Base */,
			);
			name = LaunchScreen.storyboard;
			sourceTree = "<group>";
		};
/* End PBXVariantGroup section */

/* Begin XCBuildConfiguration section */
		8B65393B1BB762B30061BF86 /* Debug */ = {
			isa = XCBuildConfiguration;
			buildSettings = {
				ALWAYS_SEARCH_USER_PATHS = NO;
				CLANG_CXX_LANGUAGE_STANDARD = "gnu++0x";
				CLANG_CXX_LIBRARY = "libc++";
				CLANG_ENABLE_MODULES = YES;
				CLANG_ENABLE_OBJC_ARC = YES;
				CLANG_WARN_BOOL_CONVERSION = YES;
				CLANG_WARN_CONSTANT_CONVERSION = YES;
				CLANG_WARN_DIRECT_OBJC_ISA_USAGE = YES_ERROR;
				CLANG_WARN_EMPTY_BODY = YES;
				CLANG_WARN_ENUM_CONVERSION = YES;
				CLANG_WARN_INT_CONVERSION = YES;
				CLANG_WARN_OBJC_ROOT_CLASS = YES_ERROR;
				CLANG_WARN_UNREACHABLE_CODE = YES;
				CLANG_WARN__DUPLICATE_METHOD_MATCH = YES;
				"CODE_SIGN_IDENTITY[sdk=iphoneos*]" = "iPhone Developer";
				COPY_PHASE_STRIP = NO;
				DEBUG_INFORMATION_FORMAT = dwarf;
				ENABLE_STRICT_OBJC_MSGSEND = YES;
				ENABLE_TESTABILITY = YES;
				GCC_C_LANGUAGE_STANDARD = gnu99;
				GCC_DYNAMIC_NO_PIC = NO;
				GCC_NO_COMMON_BLOCKS = YES;
				GCC_OPTIMIZATION_LEVEL = 0;
				GCC_PREPROCESSOR_DEFINITIONS = (
					"DEBUG=1",
					"$(inherited)",
				);
				GCC_WARN_64_TO_32_BIT_CONVERSION = YES;
				GCC_WARN_ABOUT_RETURN_TYPE = YES_ERROR;
				GCC_WARN_UNDECLARED_SELECTOR = YES;
				GCC_WARN_UNINITIALIZED_AUTOS = YES_AGGRESSIVE;
				GCC_WARN_UNUSED_FUNCTION = YES;
				GCC_WARN_UNUSED_VARIABLE = YES;
				IPHONEOS_DEPLOYMENT_TARGET = 9.0;
				MTL_ENABLE_DEBUG_INFO = YES;
				ONLY_ACTIVE_ARCH = YES;
				SDKROOT = iphoneos;
				SWIFT_OPTIMIZATION_LEVEL = "-Onone";
			};
			name = Debug;
		};
		8B65393C1BB762B30061BF86 /* Release */ = {
			isa = XCBuildConfiguration;
			buildSettings = {
				ALWAYS_SEARCH_USER_PATHS = NO;
				CLANG_CXX_LANGUAGE_STANDARD = "gnu++0x";
				CLANG_CXX_LIBRARY = "libc++";
				CLANG_ENABLE_MODULES = YES;
				CLANG_ENABLE_OBJC_ARC = YES;
				CLANG_WARN_BOOL_CONVERSION = YES;
				CLANG_WARN_CONSTANT_CONVERSION = YES;
				CLANG_WARN_DIRECT_OBJC_ISA_USAGE = YES_ERROR;
				CLANG_WARN_EMPTY_BODY = YES;
				CLANG_WARN_ENUM_CONVERSION = YES;
				CLANG_WARN_INT_CONVERSION = YES;
				CLANG_WARN_OBJC_ROOT_CLASS = YES_ERROR;
				CLANG_WARN_UNREACHABLE_CODE = YES;
				CLANG_WARN__DUPLICATE_METHOD_MATCH = YES;
				"CODE_SIGN_IDENTITY[sdk=iphoneos*]" = "iPhone Developer";
				COPY_PHASE_STRIP = NO;
				DEBUG_INFORMATION_FORMAT = "dwarf-with-dsym";
				ENABLE_NS_ASSERTIONS = NO;
				ENABLE_STRICT_OBJC_MSGSEND = YES;
				GCC_C_LANGUAGE_STANDARD = gnu99;
				GCC_NO_COMMON_BLOCKS = YES;
				GCC_WARN_64_TO_32_BIT_CONVERSION = YES;
				GCC_WARN_ABOUT_RETURN_TYPE = YES_ERROR;
				GCC_WARN_UNDECLARED_SELECTOR = YES;
				GCC_WARN_UNINITIALIZED_AUTOS = YES_AGGRESSIVE;
				GCC_WARN_UNUSED_FUNCTION = YES;
				GCC_WARN_UNUSED_VARIABLE = YES;
				IPHONEOS_DEPLOYMENT_TARGET = 9.0;
				MTL_ENABLE_DEBUG_INFO = NO;
				SDKROOT = iphoneos;
				VALIDATE_PRODUCT = YES;
			};
			name = Release;
		};
		8B65393E1BB762B30061BF86 /* Debug */ = {
			isa = XCBuildConfiguration;
			buildSettings = {
				ASSETCATALOG_COMPILER_APPICON_NAME = AppIcon;
				INFOPLIST_FILE = SetADate/Info.plist;
				LD_RUNPATH_SEARCH_PATHS = "$(inherited) @executable_path/Frameworks";
				PRODUCT_BUNDLE_IDENTIFIER = com.joshua.SetADate;
				PRODUCT_NAME = "$(TARGET_NAME)";
			};
			name = Debug;
		};
		8B65393F1BB762B30061BF86 /* Release */ = {
			isa = XCBuildConfiguration;
			buildSettings = {
				ASSETCATALOG_COMPILER_APPICON_NAME = AppIcon;
				INFOPLIST_FILE = SetADate/Info.plist;
				LD_RUNPATH_SEARCH_PATHS = "$(inherited) @executable_path/Frameworks";
				PRODUCT_BUNDLE_IDENTIFIER = com.joshua.SetADate;
				PRODUCT_NAME = "$(TARGET_NAME)";
			};
			name = Release;
		};
		8B6539411BB762B30061BF86 /* Debug */ = {
			isa = XCBuildConfiguration;
			buildSettings = {
				BUNDLE_LOADER = "$(TEST_HOST)";
				INFOPLIST_FILE = SetADateTests/Info.plist;
				LD_RUNPATH_SEARCH_PATHS = "$(inherited) @executable_path/Frameworks @loader_path/Frameworks";
				PRODUCT_BUNDLE_IDENTIFIER = com.joshua.SetADateTests;
				PRODUCT_NAME = "$(TARGET_NAME)";
				TEST_HOST = "$(BUILT_PRODUCTS_DIR)/SetADate.app/SetADate";
			};
			name = Debug;
		};
		8B6539421BB762B30061BF86 /* Release */ = {
			isa = XCBuildConfiguration;
			buildSettings = {
				BUNDLE_LOADER = "$(TEST_HOST)";
				INFOPLIST_FILE = SetADateTests/Info.plist;
				LD_RUNPATH_SEARCH_PATHS = "$(inherited) @executable_path/Frameworks @loader_path/Frameworks";
				PRODUCT_BUNDLE_IDENTIFIER = com.joshua.SetADateTests;
				PRODUCT_NAME = "$(TARGET_NAME)";
				TEST_HOST = "$(BUILT_PRODUCTS_DIR)/SetADate.app/SetADate";
			};
			name = Release;
		};
		8B6539441BB762B30061BF86 /* Debug */ = {
			isa = XCBuildConfiguration;
			buildSettings = {
				INFOPLIST_FILE = SetADateUITests/Info.plist;
				LD_RUNPATH_SEARCH_PATHS = "$(inherited) @executable_path/Frameworks @loader_path/Frameworks";
				PRODUCT_BUNDLE_IDENTIFIER = com.joshua.SetADateUITests;
				PRODUCT_NAME = "$(TARGET_NAME)";
				TEST_TARGET_NAME = SetADate;
				USES_XCTRUNNER = YES;
			};
			name = Debug;
		};
		8B6539451BB762B30061BF86 /* Release */ = {
			isa = XCBuildConfiguration;
			buildSettings = {
				INFOPLIST_FILE = SetADateUITests/Info.plist;
				LD_RUNPATH_SEARCH_PATHS = "$(inherited) @executable_path/Frameworks @loader_path/Frameworks";
				PRODUCT_BUNDLE_IDENTIFIER = com.joshua.SetADateUITests;
				PRODUCT_NAME = "$(TARGET_NAME)";
				TEST_TARGET_NAME = SetADate;
				USES_XCTRUNNER = YES;
			};
			name = Release;
		};
/* End XCBuildConfiguration section */

/* Begin XCConfigurationList section */
		8B6539101BB762B20061BF86 /* Build configuration list for PBXProject "SetADate" */ = {
			isa = XCConfigurationList;
			buildConfigurations = (
				8B65393B1BB762B30061BF86 /* Debug */,
				8B65393C1BB762B30061BF86 /* Release */,
			);
			defaultConfigurationIsVisible = 0;
			defaultConfigurationName = Release;
		};
		8B65393D1BB762B30061BF86 /* Build configuration list for PBXNativeTarget "SetADate" */ = {
			isa = XCConfigurationList;
			buildConfigurations = (
				8B65393E1BB762B30061BF86 /* Debug */,
				8B65393F1BB762B30061BF86 /* Release */,
			);
			defaultConfigurationIsVisible = 0;
			defaultConfigurationName = Release;
		};
		8B6539401BB762B30061BF86 /* Build configuration list for PBXNativeTarget "SetADateTests" */ = {
			isa = XCConfigurationList;
			buildConfigurations = (
				8B6539411BB762B30061BF86 /* Debug */,
				8B6539421BB762B30061BF86 /* Release */,
			);
			defaultConfigurationIsVisible = 0;
			defaultConfigurationName = Release;
		};
		8B6539431BB762B30061BF86 /* Build configuration list for PBXNativeTarget "SetADateUITests" */ = {
			isa = XCConfigurationList;
			buildConfigurations = (
				8B6539441BB762B30061BF86 /* Debug */,
				8B6539451BB762B30061BF86 /* Release */,
			);
			defaultConfigurationIsVisible = 0;
			defaultConfigurationName = Release;
		};
/* End XCConfigurationList section */
	};
	rootObject = 8B65390D1BB762B20061BF86 /* Project object */;
}
